
Microsoft Visual Studio Solution File, Format Version 12.00
# Visual Studio Version 16
VisualStudioVersion = 16.0.29503.13
MinimumVisualStudioVersion = 10.0.40219.1
Project("{FAE04EC0-301F-11D3-BF4B-00C04F79EFBC}") = "BookTableRazor", "BookTableRazor\BookTableRazor.csproj", "{DEF5B024-7BCF-49FC-BC98-02AF56966FD0}"
EndProject
Global
	GlobalSection(SolutionConfigurationPlatforms) = preSolution
		Debug|Any CPU = Debug|Any CPU
		Release|Any CPU = Release|Any CPU
	EndGlobalSection
	GlobalSection(ProjectConfigurationPlatforms) = postSolution
		{DEF5B024-7BCF-49FC-BC98-02AF56966FD0}.Debug|Any CPU.ActiveCfg = Debug|Any CPU
		{DEF5B024-7BCF-49FC-BC98-02AF56966FD0}.Debug|Any CPU.Build.0 = Debug|Any CPU
		{DEF5B024-7BCF-49FC-BC98-02AF56966FD0}.Release|Any CPU.ActiveCfg = Release|Any CPU
		{DEF5B024-7BCF-49FC-BC98-02AF56966FD0}.Release|Any CPU.Build.0 = Release|Any CPU
	EndGlobalSection
	GlobalSection(SolutionProperties) = preSolution
		HideSolutionNode = FALSE
	EndGlobalSection
	GlobalSection(ExtensibilityGlobals) = postSolution
		SolutionGuid = {11731537-137D-4BD6-8C93-977854C94905}
	EndGlobalSection
EndGlobal
